Microsoft Visual Studio Solution File, Format Version 11.00
# Visual Studio 2008

Project("{207230A0-FD30-0A03-8090-861BB4E0CC31}") = "flaketreon", "Assembly-CSharp.csproj", "{4F9A46F8-AC77-ECEA-3FA7-372FEF222CF1}"
EndProject
Global
	GlobalSection(SolutionConfigurationPlatforms) = preSolution
		Debug|Any CPU = Debug|Any CPU
		Release|Any CPU = Release|Any CPU
	EndGlobalSection
	GlobalSection(ProjectConfigurationPlatforms) = postSolution
		{4F9A46F8-AC77-ECEA-3FA7-372FEF222CF1}.Debug|Any CPU.ActiveCfg = Debug|Any CPU
		{4F9A46F8-AC77-ECEA-3FA7-372FEF222CF1}.Debug|Any CPU.Build.0 = Debug|Any CPU
		{4F9A46F8-AC77-ECEA-3FA7-372FEF222CF1}.Release|Any CPU.ActiveCfg = Release|Any CPU
		{4F9A46F8-AC77-ECEA-3FA7-372FEF222CF1}.Release|Any CPU.Build.0 = Release|Any CPU
	EndGlobalSection
	GlobalSection(SolutionProperties) = preSolution
		HideSolutionNode = FALSE
	EndGlobalSection
	GlobalSection(MonoDevelopProperties) = preSolution
		StartupItem = Assembly-CSharp.csproj
	EndGlobalSection
EndGlobal
